{
  "originHash" : "c27f36922d39a10e1edcdaf2f0f9154de8645c27c913ef96ce89910df5bbc290",
  "pins" : [
    {
      "identity" : "keychainaccess",
      "kind" : "remoteSourceControl",
      "location" : "https://github.com/kishikawakatsumi/KeychainAccess.git",
      "state" : {
        "branch" : "master",
        "revision" : "e0c7eebc5a4465a3c4680764f26b7a61f567cdaf"
      }
    },
    {
      "identity" : "nostr",
      "kind" : "remoteSourceControl",
      "location" : "https://github.com/Galaxoid-Labs/Nostr.git",
      "state" : {
        "branch" : "main",
        "revision" : "0581f42a90e00b5414cf6d3ab4b3f3d66b26cd0d"
      }
    },
    {
      "identity" : "nostrclient",
      "kind" : "remoteSourceControl",
      "location" : "https://github.com/Seinosuke01/NostrClient.git",
      "state" : {
        "branch" : "main",
        "revision" : "4115376ba9ead2ba95e6849d167cb55eb092f056"
      }
    },
    {
      "identity" : "swift-secp256k1",
      "kind" : "remoteSourceControl",
      "location" : "https://github.com/21-DOT-DEV/swift-secp256k1.git",
      "state" : {
        "revision" : "9683e8e311c76d8114cd308b697dad2f9fc58fed",
        "version" : "0.17.0"
      }
    }
  ],
  "version" : 3
}
